// !$*UTF8*$!
{
	archiveVersion = 1;
	classes = {
	};
	objectVersion = 50;
	objects = {

/* Begin PBXBuildFile section */
		87AD3C46259A3AE50088545E /* CleanState_ArchitectureExampleApp.swift in Sources */ = {isa = PBXBuildFile; fileRef = 87AD3C45259A3AE50088545E /* CleanState_ArchitectureExampleApp.swift */; };
		87AD3C4A259A3AE60088545E /* Assets.xcassets in Resources */ = {isa = PBXBuildFile; fileRef = 87AD3C49259A3AE60088545E /* Assets.xcassets */; };
		87AD3C4D259A3AE60088545E /* Preview Assets.xcassets in Resources */ = {isa = PBXBuildFile; fileRef = 87AD3C4C259A3AE60088545E /* Preview Assets.xcassets */; };
		87AD3C58259A3AE60088545E /* CleanState_ArchitectureExampleTests.swift in Sources */ = {isa = PBXBuildFile; fileRef = 87AD3C57259A3AE60088545E /* CleanState_ArchitectureExampleTests.swift */; };
		87AD3C63259A3AE60088545E /* CleanState_ArchitectureExampleUITests.swift in Sources */ = {isa = PBXBuildFile; fileRef = 87AD3C62259A3AE60088545E /* CleanState_ArchitectureExampleUITests.swift */; };
		87AD3C75259A3F640088545E /* FormInteractor.swift in Sources */ = {isa = PBXBuildFile; fileRef = 87AD3C74259A3F640088545E /* FormInteractor.swift */; };
		87AD3C7D259A3FAA0088545E /* FormViewState.swift in Sources */ = {isa = PBXBuildFile; fileRef = 87AD3C7C259A3FAA0088545E /* FormViewState.swift */; };
		87AD3C82259A40DC0088545E /* FormView.swift in Sources */ = {isa = PBXBuildFile; fileRef = 87AD3C81259A40DC0088545E /* FormView.swift */; };
		87AD3C90259A53890088545E /* WelcomeView.swift in Sources */ = {isa = PBXBuildFile; fileRef = 87AD3C8F259A53890088545E /* WelcomeView.swift */; };
/* End PBXBuildFile section */

/* Begin PBXContainerItemProxy section */
		87AD3C54259A3AE60088545E /* PBXContainerItemProxy */ = {
			isa = PBXContainerItemProxy;
			containerPortal = 87AD3C3A259A3AE50088545E /* Project object */;
			proxyType = 1;
			remoteGlobalIDString = 87AD3C41259A3AE50088545E;
			remoteInfo = "CleanState-ArchitectureExample";
		};
		87AD3C5F259A3AE60088545E /* PBXContainerItemProxy */ = {
			isa = PBXContainerItemProxy;
			containerPortal = 87AD3C3A259A3AE50088545E /* Project object */;
			proxyType = 1;
			remoteGlobalIDString = 87AD3C41259A3AE50088545E;
			remoteInfo = "CleanState-ArchitectureExample";
		};
/* End PBXContainerItemProxy section */

/* Begin PBXFileReference section */
		87AD3C42259A3AE50088545E /* CleanState-ArchitectureExample.app */ = {isa = PBXFileReference; explicitFileType = wrapper.application; includeInIndex = 0; path = "CleanState-ArchitectureExample.app"; sourceTree = BUILT_PRODUCTS_DIR; };
		87AD3C45259A3AE50088545E /* CleanState_ArchitectureExampleApp.swift */ = {isa = PBXFileReference; lastKnownFileType = sourcecode.swift; path = CleanState_ArchitectureExampleApp.swift; sourceTree = "<group>"; };
		87AD3C49259A3AE60088545E /* Assets.xcassets */ = {isa = PBXFileReference; lastKnownFileType = folder.assetcatalog; path = Assets.xcassets; sourceTree = "<group>"; };
		87AD3C4C259A3AE60088545E /* Preview Assets.xcassets */ = {isa = PBXFileReference; lastKnownFileType = folder.assetcatalog; path = "Preview Assets.xcassets"; sourceTree = "<group>"; };
		87AD3C4E259A3AE60088545E /* Info.plist */ = {isa = PBXFileReference; lastKnownFileType = text.plist.xml; path = Info.plist; sourceTree = "<group>"; };
		87AD3C53259A3AE60088545E /* CleanState-ArchitectureExampleTests.xctest */ = {isa = PBXFileReference; explicitFileType = wrapper.cfbundle; includeInIndex = 0; path = "CleanState-ArchitectureExampleTests.xctest"; sourceTree = BUILT_PRODUCTS_DIR; };
		87AD3C57259A3AE60088545E /* CleanState_ArchitectureExampleTests.swift */ = {isa = PBXFileReference; lastKnownFileType = sourcecode.swift; path = CleanState_ArchitectureExampleTests.swift; sourceTree = "<group>"; };
		87AD3C59259A3AE60088545E /* Info.plist */ = {isa = PBXFileReference; lastKnownFileType = text.plist.xml; path = Info.plist; sourceTree = "<group>"; };
		87AD3C5E259A3AE60088545E /* CleanState-ArchitectureExampleUITests.xctest */ = {isa = PBXFileReference; explicitFileType = wrapper.cfbundle; includeInIndex = 0; path = "CleanState-ArchitectureExampleUITests.xctest"; sourceTree = BUILT_PRODUCTS_DIR; };
		87AD3C62259A3AE60088545E /* CleanState_ArchitectureExampleUITests.swift */ = {isa = PBXFileReference; lastKnownFileType = sourcecode.swift; path = CleanState_ArchitectureExampleUITests.swift; sourceTree = "<group>"; };
		87AD3C64259A3AE60088545E /* Info.plist */ = {isa = PBXFileReference; lastKnownFileType = text.plist.xml; path = Info.plist; sourceTree = "<group>"; };
		87AD3C74259A3F640088545E /* FormInteractor.swift */ = {isa = PBXFileReference; lastKnownFileType = sourcecode.swift; path = FormInteractor.swift; sourceTree = "<group>"; };
		87AD3C7C259A3FAA0088545E /* FormViewState.swift */ = {isa = PBXFileReference; lastKnownFileType = sourcecode.swift; path = FormViewState.swift; sourceTree = "<group>"; };
		87AD3C81259A40DC0088545E /* FormView.swift */ = {isa = PBXFileReference; lastKnownFileType = sourcecode.swift; path = FormView.swift; sourceTree = "<group>"; };
		87AD3C8F259A53890088545E /* WelcomeView.swift */ = {isa = PBXFileReference; lastKnownFileType = sourcecode.swift; path = WelcomeView.swift; sourceTree = "<group>"; };
/* End PBXFileReference section */

/* Begin PBXFrameworksBuildPhase section */
		87AD3C3F259A3AE50088545E /* Frameworks */ = {
			isa = PBXFrameworksBuildPhase;
			buildActionMask = 2147483647;
			files = (
			);
			runOnlyForDeploymentPostprocessing = 0;
		};
		87AD3C50259A3AE60088545E /* Frameworks */ = {
			isa = PBXFrameworksBuildPhase;
			buildActionMask = 2147483647;
			files = (
			);
			runOnlyForDeploymentPostprocessing = 0;
		};
		87AD3C5B259A3AE60088545E /* Frameworks */ = {
			isa = PBXFrameworksBuildPhase;
			buildActionMask = 2147483647;
			files = (
			);
			runOnlyForDeploymentPostprocessing = 0;
		};
/* End PBXFrameworksBuildPhase section */

/* Begin PBXGroup section */
		87AD3C39259A3AE50088545E = {
			isa = PBXGroup;
			children = (
				87AD3C44259A3AE50088545E /* CleanState-ArchitectureExample */,
				87AD3C56259A3AE60088545E /* CleanState-ArchitectureExampleTests */,
				87AD3C61259A3AE60088545E /* CleanState-ArchitectureExampleUITests */,
				87AD3C43259A3AE50088545E /* Products */,
			);
			sourceTree = "<group>";
		};
		87AD3C43259A3AE50088545E /* Products */ = {
			isa = PBXGroup;
			children = (
				87AD3C42259A3AE50088545E /* CleanState-ArchitectureExample.app */,
				87AD3C53259A3AE60088545E /* CleanState-ArchitectureExampleTests.xctest */,
				87AD3C5E259A3AE60088545E /* CleanState-ArchitectureExampleUITests.xctest */,
			);
			name = Products;
			sourceTree = "<group>";
		};
		87AD3C44259A3AE50088545E /* CleanState-ArchitectureExample */ = {
			isa = PBXGroup;
			children = (
				87AD3C73259A3F510088545E /* FormExample */,
				87AD3C45259A3AE50088545E /* CleanState_ArchitectureExampleApp.swift */,
				87AD3C49259A3AE60088545E /* Assets.xcassets */,
				87AD3C4E259A3AE60088545E /* Info.plist */,
				87AD3C4B259A3AE60088545E /* Preview Content */,
			);
			path = "CleanState-ArchitectureExample";
			sourceTree = "<group>";
		};
		87AD3C4B259A3AE60088545E /* Preview Content */ = {
			isa = PBXGroup;
			children = (
				87AD3C4C259A3AE60088545E /* Preview Assets.xcassets */,
			);
			path = "Preview Content";
			sourceTree = "<group>";
		};
		87AD3C56259A3AE60088545E /* CleanState-ArchitectureExampleTests */ = {
			isa = PBXGroup;
			children = (
				87AD3C57259A3AE60088545E /* CleanState_ArchitectureExampleTests.swift */,
				87AD3C59259A3AE60088545E /* Info.plist */,
			);
			path = "CleanState-ArchitectureExampleTests";
			sourceTree = "<group>";
		};
		87AD3C61259A3AE60088545E /* CleanState-ArchitectureExampleUITests */ = {
			isa = PBXGroup;
			children = (
				87AD3C62259A3AE60088545E /* CleanState_ArchitectureExampleUITests.swift */,
				87AD3C64259A3AE60088545E /* Info.plist */,
			);
			path = "CleanState-ArchitectureExampleUITests";
			sourceTree = "<group>";
		};
		87AD3C73259A3F510088545E /* FormExample */ = {
			isa = PBXGroup;
			children = (
				87AD3C8F259A53890088545E /* WelcomeView.swift */,
				87AD3C74259A3F640088545E /* FormInteractor.swift */,
				87AD3C7C259A3FAA0088545E /* FormViewState.swift */,
				87AD3C81259A40DC0088545E /* FormView.swift */,
			);
			path = FormExample;
			sourceTree = "<group>";
		};
/* End PBXGroup section */

/* Begin PBXNativeTarget section */
		87AD3C41259A3AE50088545E /* CleanState-ArchitectureExample */ = {
			isa = PBXNativeTarget;
			buildConfigurationList = 87AD3C67259A3AE60088545E /* Build configuration list for PBXNativeTarget "CleanState-ArchitectureExample" */;
			buildPhases = (
				87AD3C3E259A3AE50088545E /* Sources */,
				87AD3C3F259A3AE50088545E /* Frameworks */,
				87AD3C40259A3AE50088545E /* Resources */,
			);
			buildRules = (
			);
			dependencies = (
			);
			name = "CleanState-ArchitectureExample";
			productName = "CleanState-ArchitectureExample";
			productReference = 87AD3C42259A3AE50088545E /* CleanState-ArchitectureExample.app */;
			productType = "com.apple.product-type.application";
		};
		87AD3C52259A3AE60088545E /* CleanState-ArchitectureExampleTests */ = {
			isa = PBXNativeTarget;
			buildConfigurationList = 87AD3C6A259A3AE60088545E /* Build configuration list for PBXNativeTarget "CleanState-ArchitectureExampleTests" */;
			buildPhases = (
				87AD3C4F259A3AE60088545E /* Sources */,
				87AD3C50259A3AE60088545E /* Frameworks */,
				87AD3C51259A3AE60088545E /* Resources */,
			);
			buildRules = (
			);
			dependencies = (
				87AD3C55259A3AE60088545E /* PBXTargetDependency */,
			);
			name = "CleanState-ArchitectureExampleTests";
			productName = "CleanState-ArchitectureExampleTests";
			productReference = 87AD3C53259A3AE60088545E /* CleanState-ArchitectureExampleTests.xctest */;
			productType = "com.apple.product-type.bundle.unit-test";
		};
		87AD3C5D259A3AE60088545E /* CleanState-ArchitectureExampleUITests */ = {
			isa = PBXNativeTarget;
			buildConfigurationList = 87AD3C6D259A3AE60088545E /* Build configuration list for PBXNativeTarget "CleanState-ArchitectureExampleUITests" */;
			buildPhases = (
				87AD3C5A259A3AE60088545E /* Sources */,
				87AD3C5B259A3AE60088545E /* Frameworks */,
				87AD3C5C259A3AE60088545E /* Resources */,
			);
			buildRules = (
			);
			dependencies = (
				87AD3C60259A3AE60088545E /* PBXTargetDependency */,
			);
			name = "CleanState-ArchitectureExampleUITests";
			productName = "CleanState-ArchitectureExampleUITests";
			productReference = 87AD3C5E259A3AE60088545E /* CleanState-ArchitectureExampleUITests.xctest */;
			productType = "com.apple.product-type.bundle.ui-testing";
		};
/* End PBXNativeTarget section */

/* Begin PBXProject section */
		87AD3C3A259A3AE50088545E /* Project object */ = {
			isa = PBXProject;
			attributes = {
				LastSwiftUpdateCheck = 1220;
				LastUpgradeCheck = 1220;
				TargetAttributes = {
					87AD3C41259A3AE50088545E = {
						CreatedOnToolsVersion = 12.2;
					};
					87AD3C52259A3AE60088545E = {
						CreatedOnToolsVersion = 12.2;
						TestTargetID = 87AD3C41259A3AE50088545E;
					};
					87AD3C5D259A3AE60088545E = {
						CreatedOnToolsVersion = 12.2;
						TestTargetID = 87AD3C41259A3AE50088545E;
					};
				};
			};
			buildConfigurationList = 87AD3C3D259A3AE50088545E /* Build configuration list for PBXProject "CleanState-ArchitectureExample" */;
			compatibilityVersion = "Xcode 9.3";
			developmentRegion = en;
			hasScannedForEncodings = 0;
			knownRegions = (
				en,
				Base,
			);
			mainGroup = 87AD3C39259A3AE50088545E;
			productRefGroup = 87AD3C43259A3AE50088545E /* Products */;
			projectDirPath = "";
			projectRoot = "";
			targets = (
				87AD3C41259A3AE50088545E /* CleanState-ArchitectureExample */,
				87AD3C52259A3AE60088545E /* CleanState-ArchitectureExampleTests */,
				87AD3C5D259A3AE60088545E /* CleanState-ArchitectureExampleUITests */,
			);
		};
/* End PBXProject section */

/* Begin PBXResourcesBuildPhase section */
		87AD3C40259A3AE50088545E /* Resources */ = {
			isa = PBXResourcesBuildPhase;
			buildActionMask = 2147483647;
			files = (
				87AD3C4D259A3AE60088545E /* Preview Assets.xcassets in Resources */,
				87AD3C4A259A3AE60088545E /* Assets.xcassets in Resources */,
			);
			runOnlyForDeploymentPostprocessing = 0;
		};
		87AD3C51259A3AE60088545E /* Resources */ = {
			isa = PBXResourcesBuildPhase;
			buildActionMask = 2147483647;
			files = (
			);
			runOnlyForDeploymentPostprocessing = 0;
		};
		87AD3C5C259A3AE60088545E /* Resources */ = {
			isa = PBXResourcesBuildPhase;
			buildActionMask = 2147483647;
			files = (
			);
			runOnlyForDeploymentPostprocessing = 0;
		};
/* End PBXResourcesBuildPhase section */

/* Begin PBXSourcesBuildPhase section */
		87AD3C3E259A3AE50088545E /* Sources */ = {
			isa = PBXSourcesBuildPhase;
			buildActionMask = 2147483647;
			files = (
				87AD3C75259A3F640088545E /* FormInteractor.swift in Sources */,
				87AD3C90259A53890088545E /* WelcomeView.swift in Sources */,
				87AD3C82259A40DC0088545E /* FormView.swift in Sources */,
				87AD3C7D259A3FAA0088545E /* FormViewState.swift in Sources */,
				87AD3C46259A3AE50088545E /* CleanState_ArchitectureExampleApp.swift in Sources */,
			);
			runOnlyForDeploymentPostprocessing = 0;
		};
		87AD3C4F259A3AE60088545E /* Sources */ = {
			isa = PBXSourcesBuildPhase;
			buildActionMask = 2147483647;
			files = (
				87AD3C58259A3AE60088545E /* CleanState_ArchitectureExampleTests.swift in Sources */,
			);
			runOnlyForDeploymentPostprocessing = 0;
		};
		87AD3C5A259A3AE60088545E /* Sources */ = {
			isa = PBXSourcesBuildPhase;
			buildActionMask = 2147483647;
			files = (
				87AD3C63259A3AE60088545E /* CleanState_ArchitectureExampleUITests.swift in Sources */,
			);
			runOnlyForDeploymentPostprocessing = 0;
		};
/* End PBXSourcesBuildPhase section */

/* Begin PBXTargetDependency section */
		87AD3C55259A3AE60088545E /* PBXTargetDependency */ = {
			isa = PBXTargetDependency;
			target = 87AD3C41259A3AE50088545E /* CleanState-ArchitectureExample */;
			targetProxy = 87AD3C54259A3AE60088545E /* PBXContainerItemProxy */;
		};
		87AD3C60259A3AE60088545E /* PBXTargetDependency */ = {
			isa = PBXTargetDependency;
			target = 87AD3C41259A3AE50088545E /* CleanState-ArchitectureExample */;
			targetProxy = 87AD3C5F259A3AE60088545E /* PBXContainerItemProxy */;
		};
/* End PBXTargetDependency section */

/* Begin XCBuildConfiguration section */
		87AD3C65259A3AE60088545E /* Debug */ = {
			isa = XCBuildConfiguration;
			buildSettings = {
				ALWAYS_SEARCH_USER_PATHS = NO;
				CLANG_ANALYZER_NONNULL = YES;
				CLANG_ANALYZER_NUMBER_OBJECT_CONVERSION = YES_AGGRESSIVE;
				CLANG_CXX_LANGUAGE_STANDARD = "gnu++14";
				CLANG_CXX_LIBRARY = "libc++";
				CLANG_ENABLE_MODULES = YES;
				CLANG_ENABLE_OBJC_ARC = YES;
				CLANG_ENABLE_OBJC_WEAK = YES;
				CLANG_WARN_BLOCK_CAPTURE_AUTORELEASING = YES;
				CLANG_WARN_BOOL_CONVERSION = YES;
				CLANG_WARN_COMMA = YES;
				CLANG_WARN_CONSTANT_CONVERSION = YES;
				CLANG_WARN_DEPRECATED_OBJC_IMPLEMENTATIONS = YES;
				CLANG_WARN_DIRECT_OBJC_ISA_USAGE = YES_ERROR;
				CLANG_WARN_DOCUMENTATION_COMMENTS = YES;
				CLANG_WARN_EMPTY_BODY = YES;
				CLANG_WARN_ENUM_CONVERSION = YES;
				CLANG_WARN_INFINITE_RECURSION = YES;
				CLANG_WARN_INT_CONVERSION = YES;
				CLANG_WARN_NON_LITERAL_NULL_CONVERSION = YES;
				CLANG_WARN_OBJC_IMPLICIT_RETAIN_SELF = YES;
				CLANG_WARN_OBJC_LITERAL_CONVERSION = YES;
				CLANG_WARN_OBJC_ROOT_CLASS = YES_ERROR;
				CLANG_WARN_QUOTED_INCLUDE_IN_FRAMEWORK_HEADER = YES;
				CLANG_WARN_RANGE_LOOP_ANALYSIS = YES;
				CLANG_WARN_STRICT_PROTOTYPES = YES;
				CLANG_WARN_SUSPICIOUS_MOVE = YES;
				CLANG_WARN_UNGUARDED_AVAILABILITY = YES_AGGRESSIVE;
				CLANG_WARN_UNREACHABLE_CODE = YES;
				CLANG_WARN__DUPLICATE_METHOD_MATCH = YES;
				COPY_PHASE_STRIP = NO;
				DEBUG_INFORMATION_FORMAT = dwarf;
				ENABLE_STRICT_OBJC_MSGSEND = YES;
				ENABLE_TESTABILITY = YES;
				GCC_C_LANGUAGE_STANDARD = gnu11;
				GCC_DYNAMIC_NO_PIC = NO;
				GCC_NO_COMMON_BLOCKS = YES;
				GCC_OPTIMIZATION_LEVEL = 0;
				GCC_PREPROCESSOR_DEFINITIONS = (
					"DEBUG=1",
					"$(inherited)",
				);
				GCC_WARN_64_TO_32_BIT_CONVERSION = YES;
				GCC_WARN_ABOUT_RETURN_TYPE = YES_ERROR;
				GCC_WARN_UNDECLARED_SELECTOR = YES;
				GCC_WARN_UNINITIALIZED_AUTOS = YES_AGGRESSIVE;
				GCC_WARN_UNUSED_FUNCTION = YES;
				GCC_WARN_UNUSED_VARIABLE = YES;
				IPHONEOS_DEPLOYMENT_TARGET = 14.2;
				MTL_ENABLE_DEBUG_INFO = INCLUDE_SOURCE;
				MTL_FAST_MATH = YES;
				ONLY_ACTIVE_ARCH = YES;
				SDKROOT = iphoneos;
				SWIFT_ACTIVE_COMPILATION_CONDITIONS = DEBUG;
				SWIFT_OPTIMIZATION_LEVEL = "-Onone";
			};
			name = Debug;
		};
		87AD3C66259A3AE60088545E /* Release */ = {
			isa = XCBuildConfiguration;
			buildSettings = {
				ALWAYS_SEARCH_USER_PATHS = NO;
				CLANG_ANALYZER_NONNULL = YES;
				CLANG_ANALYZER_NUMBER_OBJECT_CONVERSION = YES_AGGRESSIVE;
				CLANG_CXX_LANGUAGE_STANDARD = "gnu++14";
				CLANG_CXX_LIBRARY = "libc++";
				CLANG_ENABLE_MODULES = YES;
				CLANG_ENABLE_OBJC_ARC = YES;
				CLANG_ENABLE_OBJC_WEAK = YES;
				CLANG_WARN_BLOCK_CAPTURE_AUTORELEASING = YES;
				CLANG_WARN_BOOL_CONVERSION = YES;
				CLANG_WARN_COMMA = YES;
				CLANG_WARN_CONSTANT_CONVERSION = YES;
				CLANG_WARN_DEPRECATED_OBJC_IMPLEMENTATIONS = YES;
				CLANG_WARN_DIRECT_OBJC_ISA_USAGE = YES_ERROR;
				CLANG_WARN_DOCUMENTATION_COMMENTS = YES;
				CLANG_WARN_EMPTY_BODY = YES;
				CLANG_WARN_ENUM_CONVERSION = YES;
				CLANG_WARN_INFINITE_RECURSION = YES;
				CLANG_WARN_INT_CONVERSION = YES;
				CLANG_WARN_NON_LITERAL_NULL_CONVERSION = YES;
				CLANG_WARN_OBJC_IMPLICIT_RETAIN_SELF = YES;
				CLANG_WARN_OBJC_LITERAL_CONVERSION = YES;
				CLANG_WARN_OBJC_ROOT_CLASS = YES_ERROR;
				CLANG_WARN_QUOTED_INCLUDE_IN_FRAMEWORK_HEADER = YES;
				CLANG_WARN_RANGE_LOOP_ANALYSIS = YES;
				CLANG_WARN_STRICT_PROTOTYPES = YES;
				CLANG_WARN_SUSPICIOUS_MOVE = YES;
				CLANG_WARN_UNGUARDED_AVAILABILITY = YES_AGGRESSIVE;
				CLANG_WARN_UNREACHABLE_CODE = YES;
				CLANG_WARN__DUPLICATE_METHOD_MATCH = YES;
				COPY_PHASE_STRIP = NO;
				DEBUG_INFORMATION_FORMAT = "dwarf-with-dsym";
				ENABLE_NS_ASSERTIONS = NO;
				ENABLE_STRICT_OBJC_MSGSEND = YES;
				GCC_C_LANGUAGE_STANDARD = gnu11;
				GCC_NO_COMMON_BLOCKS = YES;
				GCC_WARN_64_TO_32_BIT_CONVERSION = YES;
				GCC_WARN_ABOUT_RETURN_TYPE = YES_ERROR;
				GCC_WARN_UNDECLARED_SELECTOR = YES;
				GCC_WARN_UNINITIALIZED_AUTOS = YES_AGGRESSIVE;
				GCC_WARN_UNUSED_FUNCTION = YES;
				GCC_WARN_UNUSED_VARIABLE = YES;
				IPHONEOS_DEPLOYMENT_TARGET = 14.2;
				MTL_ENABLE_DEBUG_INFO = NO;
				MTL_FAST_MATH = YES;
				SDKROOT = iphoneos;
				SWIFT_COMPILATION_MODE = wholemodule;
				SWIFT_OPTIMIZATION_LEVEL = "-O";
				VALIDATE_PRODUCT = YES;
			};
			name = Release;
		};
		87AD3C68259A3AE60088545E /* Debug */ = {
			isa = XCBuildConfiguration;
			buildSettings = {
				ASSETCATALOG_COMPILER_APPICON_NAME = AppIcon;
				ASSETCATALOG_COMPILER_GLOBAL_ACCENT_COLOR_NAME = AccentColor;
				CODE_SIGN_STYLE = Automatic;
				DEVELOPMENT_ASSET_PATHS = "\"CleanState-ArchitectureExample/Preview Content\"";
				DEVELOPMENT_TEAM = XNR2HTH9R9;
				ENABLE_PREVIEWS = YES;
				INFOPLIST_FILE = "CleanState-ArchitectureExample/Info.plist";
				IPHONEOS_DEPLOYMENT_TARGET = 14.0;
				LD_RUNPATH_SEARCH_PATHS = (
					"$(inherited)",
					"@executable_path/Frameworks",
				);
				PRODUCT_BUNDLE_IDENTIFIER = "michalwojtowicz.CleanState-ArchitectureExample";
				PRODUCT_NAME = "$(TARGET_NAME)";
				SWIFT_VERSION = 5.0;
				TARGETED_DEVICE_FAMILY = "1,2";
			};
			name = Debug;
		};
		87AD3C69259A3AE60088545E /* Release */ = {
			isa = XCBuildConfiguration;
			buildSettings = {
				ASSETCATALOG_COMPILER_APPICON_NAME = AppIcon;
				ASSETCATALOG_COMPILER_GLOBAL_ACCENT_COLOR_NAME = AccentColor;
				CODE_SIGN_STYLE = Automatic;
				DEVELOPMENT_ASSET_PATHS = "\"CleanState-ArchitectureExample/Preview Content\"";
				DEVELOPMENT_TEAM = XNR2HTH9R9;
				ENABLE_PREVIEWS = YES;
				INFOPLIST_FILE = "CleanState-ArchitectureExample/Info.plist";
				IPHONEOS_DEPLOYMENT_TARGET = 14.0;
				LD_RUNPATH_SEARCH_PATHS = (
					"$(inherited)",
					"@executable_path/Frameworks",
				);
				PRODUCT_BUNDLE_IDENTIFIER = "michalwojtowicz.CleanState-ArchitectureExample";
				PRODUCT_NAME = "$(TARGET_NAME)";
				SWIFT_VERSION = 5.0;
				TARGETED_DEVICE_FAMILY = "1,2";
			};
			name = Release;
		};
		87AD3C6B259A3AE60088545E /* Debug */ = {
			isa = XCBuildConfiguration;
			buildSettings = {
				ALWAYS_EMBED_SWIFT_STANDARD_LIBRARIES = YES;
				BUNDLE_LOADER = "$(TEST_HOST)";
				CODE_SIGN_STYLE = Automatic;
				DEVELOPMENT_TEAM = XNR2HTH9R9;
				INFOPLIST_FILE = "CleanState-ArchitectureExampleTests/Info.plist";
				IPHONEOS_DEPLOYMENT_TARGET = 14.0;
				LD_RUNPATH_SEARCH_PATHS = (
					"$(inherited)",
					"@executable_path/Frameworks",
					"@loader_path/Frameworks",
				);
				PRODUCT_BUNDLE_IDENTIFIER = "michalwojtowicz.CleanState-ArchitectureExampleTests";
				PRODUCT_NAME = "$(TARGET_NAME)";
				SWIFT_VERSION = 5.0;
				TARGETED_DEVICE_FAMILY = "1,2";
				TEST_HOST = "$(BUILT_PRODUCTS_DIR)/CleanState-ArchitectureExample.app/CleanState-ArchitectureExample";
			};
			name = Debug;
		};
		87AD3C6C259A3AE60088545E /* Release */ = {
			isa = XCBuildConfiguration;
			buildSettings = {
				ALWAYS_EMBED_SWIFT_STANDARD_LIBRARIES = YES;
				BUNDLE_LOADER = "$(TEST_HOST)";
				CODE_SIGN_STYLE = Automatic;
				DEVELOPMENT_TEAM = XNR2HTH9R9;
				INFOPLIST_FILE = "CleanState-ArchitectureExampleTests/Info.plist";
				IPHONEOS_DEPLOYMENT_TARGET = 14.0;
				LD_RUNPATH_SEARCH_PATHS = (
					"$(inherited)",
					"@executable_path/Frameworks",
					"@loader_path/Frameworks",
				);
				PRODUCT_BUNDLE_IDENTIFIER = "michalwojtowicz.CleanState-ArchitectureExampleTests";
				PRODUCT_NAME = "$(TARGET_NAME)";
				SWIFT_VERSION = 5.0;
				TARGETED_DEVICE_FAMILY = "1,2";
				TEST_HOST = "$(BUILT_PRODUCTS_DIR)/CleanState-ArchitectureExample.app/CleanState-ArchitectureExample";
			};
			name = Release;
		};
		87AD3C6E259A3AE60088545E /* Debug */ = {
			isa = XCBuildConfiguration;
			buildSettings = {
				ALWAYS_EMBED_SWIFT_STANDARD_LIBRARIES = YES;
				CODE_SIGN_STYLE = Automatic;
				DEVELOPMENT_TEAM = XNR2HTH9R9;
				INFOPLIST_FILE = "CleanState-ArchitectureExampleUITests/Info.plist";
				LD_RUNPATH_SEARCH_PATHS = (
					"$(inherited)",
					"@executable_path/Frameworks",
					"@loader_path/Frameworks",
				);
				PRODUCT_BUNDLE_IDENTIFIER = "michalwojtowicz.CleanState-ArchitectureExampleUITests";
				PRODUCT_NAME = "$(TARGET_NAME)";
				SWIFT_VERSION = 5.0;
				TARGETED_DEVICE_FAMILY = "1,2";
				TEST_TARGET_NAME = "CleanState-ArchitectureExample";
			};
			name = Debug;
		};
		87AD3C6F259A3AE60088545E /* Release */ = {
			isa = XCBuildConfiguration;
			buildSettings = {
				ALWAYS_EMBED_SWIFT_STANDARD_LIBRARIES = YES;
				CODE_SIGN_STYLE = Automatic;
				DEVELOPMENT_TEAM = XNR2HTH9R9;
				INFOPLIST_FILE = "CleanState-ArchitectureExampleUITests/Info.plist";
				LD_RUNPATH_SEARCH_PATHS = (
					"$(inherited)",
					"@executable_path/Frameworks",
					"@loader_path/Frameworks",
				);
				PRODUCT_BUNDLE_IDENTIFIER = "michalwojtowicz.CleanState-ArchitectureExampleUITests";
				PRODUCT_NAME = "$(TARGET_NAME)";
				SWIFT_VERSION = 5.0;
				TARGETED_DEVICE_FAMILY = "1,2";
				TEST_TARGET_NAME = "CleanState-ArchitectureExample";
			};
			name = Release;
		};
/* End XCBuildConfiguration section */

/* Begin XCConfigurationList section */
		87AD3C3D259A3AE50088545E /* Build configuration list for PBXProject "CleanState-ArchitectureExample" */ = {
			isa = XCConfigurationList;
			buildConfigurations = (
				87AD3C65259A3AE60088545E /* Debug */,
				87AD3C66259A3AE60088545E /* Release */,
			);
			defaultConfigurationIsVisible = 0;
			defaultConfigurationName = Release;
		};
		87AD3C67259A3AE60088545E /* Build configuration list for PBXNativeTarget "CleanState-ArchitectureExample" */ = {
			isa = XCConfigurationList;
			buildConfigurations = (
				87AD3C68259A3AE60088545E /* Debug */,
				87AD3C69259A3AE60088545E /* Release */,
			);
			defaultConfigurationIsVisible = 0;
			defaultConfigurationName = Release;
		};
		87AD3C6A259A3AE60088545E /* Build configuration list for PBXNativeTarget "CleanState-ArchitectureExampleTests" */ = {
			isa = XCConfigurationList;
			buildConfigurations = (
				87AD3C6B259A3AE60088545E /* Debug */,
				87AD3C6C259A3AE60088545E /* Release */,
			);
			defaultConfigurationIsVisible = 0;
			defaultConfigurationName = Release;
		};
		87AD3C6D259A3AE60088545E /* Build configuration list for PBXNativeTarget "CleanState-ArchitectureExampleUITests" */ = {
			isa = XCConfigurationList;
			buildConfigurations = (
				87AD3C6E259A3AE60088545E /* Debug */,
				87AD3C6F259A3AE60088545E /* Release */,
			);
			defaultConfigurationIsVisible = 0;
			defaultConfigurationName = Release;
		};
/* End XCConfigurationList section */
	};
	rootObject = 87AD3C3A259A3AE50088545E /* Project object */;
}
